
Microsoft Visual Studio Solution File, Format Version 12.00
# Visual Studio Version 17
VisualStudioVersion = 17.4.33213.308
MinimumVisualStudioVersion = 10.0.40219.1
Project("{FAE04EC0-301F-11D3-BF4B-00C04F79EFBC}") = "Лабораторная работа №1 Глазкова_Труфанова", "Лабораторная работа №1 Глазкова_Труфанова.csproj", "{2E733057-DF45-42BC-829E-781659D543DA}"
EndProject
Global
	GlobalSection(SolutionConfigurationPlatforms) = preSolution
		Debug|Any CPU = Debug|Any CPU
		Release|Any CPU = Release|Any CPU
	EndGlobalSection
	GlobalSection(ProjectConfigurationPlatforms) = postSolution
		{2E733057-DF45-42BC-829E-781659D543DA}.Debug|Any CPU.ActiveCfg = Debug|Any CPU
		{2E733057-DF45-42BC-829E-781659D543DA}.Debug|Any CPU.Build.0 = Debug|Any CPU
		{2E733057-DF45-42BC-829E-781659D543DA}.Release|Any CPU.ActiveCfg = Release|Any CPU
		{2E733057-DF45-42BC-829E-781659D543DA}.Release|Any CPU.Build.0 = Release|Any CPU
	EndGlobalSection
	GlobalSection(SolutionProperties) = preSolution
		HideSolutionNode = FALSE
	EndGlobalSection
	GlobalSection(ExtensibilityGlobals) = postSolution
		SolutionGuid = {E8ABCD63-2819-4E36-AC39-063C6A8A5160}
	EndGlobalSection
EndGlobal
